{
  "name": "time_tracker",
  "lockfileVersion": 3,
  "requires": true,
  "packages": {
    "": {
      "dependencies": {
        "zod": "^3.25.20"
      }
    },
    "node_modules/zod": {
      "version": "3.25.20",
      "resolved": "https://registry.npmjs.org/zod/-/zod-3.25.20.tgz",
      "integrity": "sha512-z03fqpTMDF1G02VLKUMt6vyACE7rNWkh3gpXVHgPTw28NPtDFRGvcpTtPwn2kMKtQ0idtYJUTxchytmnqYswcw==",
      "license": "MIT",
      "funding": {
        "url": "https://github.com/sponsors/colinhacks"
      }
    }
  }
}
